{
  "name": "mondaytheme",
  "lockfileVersion": 2,
  "requires": true,
  "packages": {
    "": {
      "dependencies": {
        "mondaytheme": "file:../../.."
      }
    },
    "../../..": {
      "version": "1.0.0",
      "license": "GPL-2.0",
      "dependencies": {
        "ftp-deploy": "^2.4.1"
      },
      "devDependencies": {
        "node-sass": "^6.0.0"
      }
    },
    "node_modules/mondaytheme": {
      "resolved": "../../..",
      "link": true
    }
  },
  "dependencies": {
    "mondaytheme": {
      "version": "file:../../..",
      "requires": {
        "ftp-deploy": "^2.4.1",
        "node-sass": "^6.0.0"
      }
    }
  }
}
